
Microsoft Visual Studio Solution File, Format Version 12.00
# Visual Studio Version 17
VisualStudioVersion = 17.0.31903.59
MinimumVisualStudioVersion = 10.0.40219.1
Project("{2150E333-8FDC-42A3-9474-1A3956D46DE8}") = "devKitTest", "devKitTest", "{BE48E5DC-30E2-4B86-B824-9753C428B035}"
EndProject
Project("{FAE04EC0-301F-11D3-BF4B-00C04F79EFBC}") = "helloWorld", "devKitTest\helloWorld\helloWorld.csproj", "{D74323E3-2DB4-4579-9145-B96D4445D130}"
EndProject
Global
	GlobalSection(SolutionConfigurationPlatforms) = preSolution
		Debug|Any CPU = Debug|Any CPU
		Release|Any CPU = Release|Any CPU
	EndGlobalSection
	GlobalSection(SolutionProperties) = preSolution
		HideSolutionNode = FALSE
	EndGlobalSection
	GlobalSection(ProjectConfigurationPlatforms) = postSolution
		{D74323E3-2DB4-4579-9145-B96D4445D130}.Debug|Any CPU.ActiveCfg = Debug|Any CPU
		{D74323E3-2DB4-4579-9145-B96D4445D130}.Debug|Any CPU.Build.0 = Debug|Any CPU
		{D74323E3-2DB4-4579-9145-B96D4445D130}.Release|Any CPU.ActiveCfg = Release|Any CPU
		{D74323E3-2DB4-4579-9145-B96D4445D130}.Release|Any CPU.Build.0 = Release|Any CPU
	EndGlobalSection
	GlobalSection(NestedProjects) = preSolution
		{D74323E3-2DB4-4579-9145-B96D4445D130} = {BE48E5DC-30E2-4B86-B824-9753C428B035}
	EndGlobalSection
EndGlobal
